
Microsoft Visual Studio Solution File, Format Version 12.00
# Visual Studio Version 17
VisualStudioVersion = 17.8.34330.188
MinimumVisualStudioVersion = 10.0.40219.1
Project("{2150E333-8FDC-42A3-9474-1A3956D46DE8}") = "WebAPI", "WebAPI", "{F0F56228-975A-468B-AA68-E495516C39BA}"
EndProject
Project("{9A19103F-16F7-4668-BE54-9A1E7A4F7556}") = "WebAPI", "WebAPI\WebAPI.csproj", "{CC4DC207-45C9-4BD9-80C9-341C46A7A2C9}"
EndProject
Project("{9A19103F-16F7-4668-BE54-9A1E7A4F7556}") = "WebAPI.DAL", "WebAPI.DAL\WebAPI.DAL.csproj", "{B4C0EAD3-3C7D-4089-AB43-1919602CE1E8}"
EndProject
Project("{9A19103F-16F7-4668-BE54-9A1E7A4F7556}") = "WebAPI.BLL", "WebAPI.BLL\WebAPI.BLL.csproj", "{971A250D-AAC1-42E3-92CC-C845AE06FB23}"
EndProject
Project("{FAE04EC0-301F-11D3-BF4B-00C04F79EFBC}") = "WebAPI.DB", "WebAPI.DB\WebAPI.DB.csproj", "{1B558F95-C16C-4291-9A30-A23480B07FFB}"
EndProject
Global
	GlobalSection(SolutionConfigurationPlatforms) = preSolution
		Debug|Any CPU = Debug|Any CPU
		Release|Any CPU = Release|Any CPU
	EndGlobalSection
	GlobalSection(ProjectConfigurationPlatforms) = postSolution
		{CC4DC207-45C9-4BD9-80C9-341C46A7A2C9}.Debug|Any CPU.ActiveCfg = Debug|Any CPU
		{CC4DC207-45C9-4BD9-80C9-341C46A7A2C9}.Debug|Any CPU.Build.0 = Debug|Any CPU
		{CC4DC207-45C9-4BD9-80C9-341C46A7A2C9}.Release|Any CPU.ActiveCfg = Release|Any CPU
		{CC4DC207-45C9-4BD9-80C9-341C46A7A2C9}.Release|Any CPU.Build.0 = Release|Any CPU
		{B4C0EAD3-3C7D-4089-AB43-1919602CE1E8}.Debug|Any CPU.ActiveCfg = Debug|Any CPU
		{B4C0EAD3-3C7D-4089-AB43-1919602CE1E8}.Debug|Any CPU.Build.0 = Debug|Any CPU
		{B4C0EAD3-3C7D-4089-AB43-1919602CE1E8}.Release|Any CPU.ActiveCfg = Release|Any CPU
		{B4C0EAD3-3C7D-4089-AB43-1919602CE1E8}.Release|Any CPU.Build.0 = Release|Any CPU
		{971A250D-AAC1-42E3-92CC-C845AE06FB23}.Debug|Any CPU.ActiveCfg = Debug|Any CPU
		{971A250D-AAC1-42E3-92CC-C845AE06FB23}.Debug|Any CPU.Build.0 = Debug|Any CPU
		{971A250D-AAC1-42E3-92CC-C845AE06FB23}.Release|Any CPU.ActiveCfg = Release|Any CPU
		{971A250D-AAC1-42E3-92CC-C845AE06FB23}.Release|Any CPU.Build.0 = Release|Any CPU
		{1B558F95-C16C-4291-9A30-A23480B07FFB}.Debug|Any CPU.ActiveCfg = Debug|Any CPU
		{1B558F95-C16C-4291-9A30-A23480B07FFB}.Debug|Any CPU.Build.0 = Debug|Any CPU
		{1B558F95-C16C-4291-9A30-A23480B07FFB}.Release|Any CPU.ActiveCfg = Release|Any CPU
		{1B558F95-C16C-4291-9A30-A23480B07FFB}.Release|Any CPU.Build.0 = Release|Any CPU
	EndGlobalSection
	GlobalSection(SolutionProperties) = preSolution
		HideSolutionNode = FALSE
	EndGlobalSection
	GlobalSection(NestedProjects) = preSolution
		{CC4DC207-45C9-4BD9-80C9-341C46A7A2C9} = {F0F56228-975A-468B-AA68-E495516C39BA}
		{B4C0EAD3-3C7D-4089-AB43-1919602CE1E8} = {F0F56228-975A-468B-AA68-E495516C39BA}
		{971A250D-AAC1-42E3-92CC-C845AE06FB23} = {F0F56228-975A-468B-AA68-E495516C39BA}
		{1B558F95-C16C-4291-9A30-A23480B07FFB} = {F0F56228-975A-468B-AA68-E495516C39BA}
	EndGlobalSection
	GlobalSection(ExtensibilityGlobals) = postSolution
		SolutionGuid = {2B2DFA0A-1A32-4224-B071-C6CDD88951B0}
	EndGlobalSection
EndGlobal
